
Microsoft Visual Studio Solution File, Format Version 12.00
Project("{FAE04EC0-301F-11D3-BF4B-00C04F79EFBC}") = "APIBase", "APIBase.csproj", "{A892CB2E-E610-4516-BBF6-20A66F8247F5}"
EndProject
Global
	GlobalSection(SolutionConfigurationPlatforms) = preSolution
		Debug|Any CPU = Debug|Any CPU
		Release|Any CPU = Release|Any CPU
	EndGlobalSection
	GlobalSection(ProjectConfigurationPlatforms) = postSolution
		{A892CB2E-E610-4516-BBF6-20A66F8247F5}.Debug|Any CPU.ActiveCfg = Debug|Any CPU
		{A892CB2E-E610-4516-BBF6-20A66F8247F5}.Debug|Any CPU.Build.0 = Debug|Any CPU
		{A892CB2E-E610-4516-BBF6-20A66F8247F5}.Release|Any CPU.ActiveCfg = Release|Any CPU
		{A892CB2E-E610-4516-BBF6-20A66F8247F5}.Release|Any CPU.Build.0 = Release|Any CPU
	EndGlobalSection
EndGlobal
